
Microsoft Visual Studio Solution File, Format Version 12.00
# Visual Studio 15
VisualStudioVersion = 15.0.26124.0
MinimumVisualStudioVersion = 15.0.26124.0
Project("{FAE04EC0-301F-11D3-BF4B-00C04F79EFBC}") = "CantiLib", "CantiLib\CantiLib.csproj", "{5ECC8B3B-279E-449C-97FE-49D4A953E54A}"
EndProject
Project("{FAE04EC0-301F-11D3-BF4B-00C04F79EFBC}") = "Daemon", "Daemon\Daemon.csproj", "{D6D2184E-5469-421B-814E-DD5BAFAC2189}"
EndProject
Project("{FAE04EC0-301F-11D3-BF4B-00C04F79EFBC}") = "Tests", "Tests\Tests.csproj", "{832FBF37-864E-4BAF-86CA-6B000A301B07}"
EndProject
Project("{FAE04EC0-301F-11D3-BF4B-00C04F79EFBC}") = "TestZone", "TestZone\TestZone.csproj", "{654829A4-7F65-4E1C-A4D4-8EA27B7678EF}"
EndProject
Global
	GlobalSection(SolutionConfigurationPlatforms) = preSolution
		Debug|Any CPU = Debug|Any CPU
		Debug|x64 = Debug|x64
		Debug|x86 = Debug|x86
		Release|Any CPU = Release|Any CPU
		Release|x64 = Release|x64
		Release|x86 = Release|x86
	EndGlobalSection
	GlobalSection(SolutionProperties) = preSolution
		HideSolutionNode = FALSE
	EndGlobalSection
	GlobalSection(ProjectConfigurationPlatforms) = postSolution
		{5ECC8B3B-279E-449C-97FE-49D4A953E54A}.Debug|Any CPU.ActiveCfg = Debug|Any CPU
		{5ECC8B3B-279E-449C-97FE-49D4A953E54A}.Debug|Any CPU.Build.0 = Debug|Any CPU
		{5ECC8B3B-279E-449C-97FE-49D4A953E54A}.Debug|x64.ActiveCfg = Debug|Any CPU
		{5ECC8B3B-279E-449C-97FE-49D4A953E54A}.Debug|x64.Build.0 = Debug|Any CPU
		{5ECC8B3B-279E-449C-97FE-49D4A953E54A}.Debug|x86.ActiveCfg = Debug|Any CPU
		{5ECC8B3B-279E-449C-97FE-49D4A953E54A}.Debug|x86.Build.0 = Debug|Any CPU
		{5ECC8B3B-279E-449C-97FE-49D4A953E54A}.Release|Any CPU.ActiveCfg = Release|Any CPU
		{5ECC8B3B-279E-449C-97FE-49D4A953E54A}.Release|Any CPU.Build.0 = Release|Any CPU
		{5ECC8B3B-279E-449C-97FE-49D4A953E54A}.Release|x64.ActiveCfg = Release|Any CPU
		{5ECC8B3B-279E-449C-97FE-49D4A953E54A}.Release|x64.Build.0 = Release|Any CPU
		{5ECC8B3B-279E-449C-97FE-49D4A953E54A}.Release|x86.ActiveCfg = Release|Any CPU
		{5ECC8B3B-279E-449C-97FE-49D4A953E54A}.Release|x86.Build.0 = Release|Any CPU
		{D6D2184E-5469-421B-814E-DD5BAFAC2189}.Debug|Any CPU.ActiveCfg = Debug|Any CPU
		{D6D2184E-5469-421B-814E-DD5BAFAC2189}.Debug|Any CPU.Build.0 = Debug|Any CPU
		{D6D2184E-5469-421B-814E-DD5BAFAC2189}.Debug|x64.ActiveCfg = Debug|Any CPU
		{D6D2184E-5469-421B-814E-DD5BAFAC2189}.Debug|x64.Build.0 = Debug|Any CPU
		{D6D2184E-5469-421B-814E-DD5BAFAC2189}.Debug|x86.ActiveCfg = Debug|Any CPU
		{D6D2184E-5469-421B-814E-DD5BAFAC2189}.Debug|x86.Build.0 = Debug|Any CPU
		{D6D2184E-5469-421B-814E-DD5BAFAC2189}.Release|Any CPU.ActiveCfg = Release|Any CPU
		{D6D2184E-5469-421B-814E-DD5BAFAC2189}.Release|Any CPU.Build.0 = Release|Any CPU
		{D6D2184E-5469-421B-814E-DD5BAFAC2189}.Release|x64.ActiveCfg = Release|Any CPU
		{D6D2184E-5469-421B-814E-DD5BAFAC2189}.Release|x64.Build.0 = Release|Any CPU
		{D6D2184E-5469-421B-814E-DD5BAFAC2189}.Release|x86.ActiveCfg = Release|Any CPU
		{D6D2184E-5469-421B-814E-DD5BAFAC2189}.Release|x86.Build.0 = Release|Any CPU
		{832FBF37-864E-4BAF-86CA-6B000A301B07}.Debug|Any CPU.ActiveCfg = Debug|Any CPU
		{832FBF37-864E-4BAF-86CA-6B000A301B07}.Debug|Any CPU.Build.0 = Debug|Any CPU
		{832FBF37-864E-4BAF-86CA-6B000A301B07}.Debug|x64.ActiveCfg = Debug|Any CPU
		{832FBF37-864E-4BAF-86CA-6B000A301B07}.Debug|x64.Build.0 = Debug|Any CPU
		{832FBF37-864E-4BAF-86CA-6B000A301B07}.Debug|x86.ActiveCfg = Debug|Any CPU
		{832FBF37-864E-4BAF-86CA-6B000A301B07}.Debug|x86.Build.0 = Debug|Any CPU
		{832FBF37-864E-4BAF-86CA-6B000A301B07}.Release|Any CPU.ActiveCfg = Release|Any CPU
		{832FBF37-864E-4BAF-86CA-6B000A301B07}.Release|Any CPU.Build.0 = Release|Any CPU
		{832FBF37-864E-4BAF-86CA-6B000A301B07}.Release|x64.ActiveCfg = Release|Any CPU
		{832FBF37-864E-4BAF-86CA-6B000A301B07}.Release|x64.Build.0 = Release|Any CPU
		{832FBF37-864E-4BAF-86CA-6B000A301B07}.Release|x86.ActiveCfg = Release|Any CPU
		{832FBF37-864E-4BAF-86CA-6B000A301B07}.Release|x86.Build.0 = Release|Any CPU
		{654829A4-7F65-4E1C-A4D4-8EA27B7678EF}.Debug|Any CPU.ActiveCfg = Debug|Any CPU
		{654829A4-7F65-4E1C-A4D4-8EA27B7678EF}.Debug|Any CPU.Build.0 = Debug|Any CPU
		{654829A4-7F65-4E1C-A4D4-8EA27B7678EF}.Debug|x64.ActiveCfg = Debug|Any CPU
		{654829A4-7F65-4E1C-A4D4-8EA27B7678EF}.Debug|x64.Build.0 = Debug|Any CPU
		{654829A4-7F65-4E1C-A4D4-8EA27B7678EF}.Debug|x86.ActiveCfg = Debug|Any CPU
		{654829A4-7F65-4E1C-A4D4-8EA27B7678EF}.Debug|x86.Build.0 = Debug|Any CPU
		{654829A4-7F65-4E1C-A4D4-8EA27B7678EF}.Release|Any CPU.ActiveCfg = Release|Any CPU
		{654829A4-7F65-4E1C-A4D4-8EA27B7678EF}.Release|Any CPU.Build.0 = Release|Any CPU
		{654829A4-7F65-4E1C-A4D4-8EA27B7678EF}.Release|x64.ActiveCfg = Release|Any CPU
		{654829A4-7F65-4E1C-A4D4-8EA27B7678EF}.Release|x64.Build.0 = Release|Any CPU
		{654829A4-7F65-4E1C-A4D4-8EA27B7678EF}.Release|x86.ActiveCfg = Release|Any CPU
		{654829A4-7F65-4E1C-A4D4-8EA27B7678EF}.Release|x86.Build.0 = Release|Any CPU
	EndGlobalSection
EndGlobal
